
Microsoft Visual Studio Solution File, Format Version 12.00
# Visual Studio Version 17
VisualStudioVersion = 17.14.36915.13 d17.14
MinimumVisualStudioVersion = 10.0.40219.1
Project("{FAE04EC0-301F-11D3-BF4B-00C04F79EFBC}") = "PoolTabele", "PoolTabele.csproj", "{0D446A26-C970-4F03-BF4E-C9E65251ED86}"
EndProject
Global
	GlobalSection(SolutionConfigurationPlatforms) = preSolution
		Debug|Any CPU = Debug|Any CPU
		Release|Any CPU = Release|Any CPU
	EndGlobalSection
	GlobalSection(ProjectConfigurationPlatforms) = postSolution
		{0D446A26-C970-4F03-BF4E-C9E65251ED86}.Debug|Any CPU.ActiveCfg = Debug|Any CPU
		{0D446A26-C970-4F03-BF4E-C9E65251ED86}.Debug|Any CPU.Build.0 = Debug|Any CPU
		{0D446A26-C970-4F03-BF4E-C9E65251ED86}.Release|Any CPU.ActiveCfg = Release|Any CPU
		{0D446A26-C970-4F03-BF4E-C9E65251ED86}.Release|Any CPU.Build.0 = Release|Any CPU
	EndGlobalSection
	GlobalSection(SolutionProperties) = preSolution
		HideSolutionNode = FALSE
	EndGlobalSection
	GlobalSection(ExtensibilityGlobals) = postSolution
		SolutionGuid = {374B0729-06DD-4B78-8CD1-7DA3E615E3F4}
	EndGlobalSection
EndGlobal
