
Microsoft Visual Studio Solution File, Format Version 12.00
# Visual Studio Version 17
VisualStudioVersion = 17.14.36915.13 d17.14
MinimumVisualStudioVersion = 10.0.40219.1
Project("{FAE04EC0-301F-11D3-BF4B-00C04F79EFBC}") = "trafic light", "trafic light.csproj", "{E4227892-35DD-4379-867E-2E306EE18DC3}"
EndProject
Global
	GlobalSection(SolutionConfigurationPlatforms) = preSolution
		Debug|Any CPU = Debug|Any CPU
		Release|Any CPU = Release|Any CPU
	EndGlobalSection
	GlobalSection(ProjectConfigurationPlatforms) = postSolution
		{E4227892-35DD-4379-867E-2E306EE18DC3}.Debug|Any CPU.ActiveCfg = Debug|Any CPU
		{E4227892-35DD-4379-867E-2E306EE18DC3}.Debug|Any CPU.Build.0 = Debug|Any CPU
		{E4227892-35DD-4379-867E-2E306EE18DC3}.Release|Any CPU.ActiveCfg = Release|Any CPU
		{E4227892-35DD-4379-867E-2E306EE18DC3}.Release|Any CPU.Build.0 = Release|Any CPU
	EndGlobalSection
	GlobalSection(SolutionProperties) = preSolution
		HideSolutionNode = FALSE
	EndGlobalSection
	GlobalSection(ExtensibilityGlobals) = postSolution
		SolutionGuid = {0F681679-71D7-4C5B-A225-5871E7641591}
	EndGlobalSection
EndGlobal
